
Microsoft Visual Studio Solution File, Format Version 12.00
# Visual Studio Version 16
VisualStudioVersion = 16.0.31129.286
MinimumVisualStudioVersion = 10.0.40219.1
Project("{FAE04EC0-301F-11D3-BF4B-00C04F79EFBC}") = "WindowsTaskManagerUI", "WindowsTaskManagerUI\WindowsTaskManagerUI.csproj", "{1BA4B7DE-AE9A-4A13-AEA4-71ECB463CF18}"
EndProject
Project("{FAE04EC0-301F-11D3-BF4B-00C04F79EFBC}") = "TaskManagerLibrary", "TaskManagerLibrary\TaskManagerLibrary.csproj", "{21B818BF-E540-4622-B1DE-BA27708A7A09}"
EndProject
Project("{9A19103F-16F7-4668-BE54-9A1E7A4F7556}") = "TaskManagerLibrary.Tests", "TaskManagerLibrary.Tests\TaskManagerLibrary.Tests.csproj", "{99E5A185-93AF-4231-A81A-CD969B51D7E2}"
EndProject
Global
	GlobalSection(SolutionConfigurationPlatforms) = preSolution
		Debug|Any CPU = Debug|Any CPU
		Debug|x64 = Debug|x64
		Release|Any CPU = Release|Any CPU
		Release|x64 = Release|x64
	EndGlobalSection
	GlobalSection(ProjectConfigurationPlatforms) = postSolution
		{1BA4B7DE-AE9A-4A13-AEA4-71ECB463CF18}.Debug|Any CPU.ActiveCfg = Debug|Any CPU
		{1BA4B7DE-AE9A-4A13-AEA4-71ECB463CF18}.Debug|Any CPU.Build.0 = Debug|Any CPU
		{1BA4B7DE-AE9A-4A13-AEA4-71ECB463CF18}.Debug|x64.ActiveCfg = Debug|x64
		{1BA4B7DE-AE9A-4A13-AEA4-71ECB463CF18}.Debug|x64.Build.0 = Debug|x64
		{1BA4B7DE-AE9A-4A13-AEA4-71ECB463CF18}.Release|Any CPU.ActiveCfg = Release|Any CPU
		{1BA4B7DE-AE9A-4A13-AEA4-71ECB463CF18}.Release|Any CPU.Build.0 = Release|Any CPU
		{1BA4B7DE-AE9A-4A13-AEA4-71ECB463CF18}.Release|x64.ActiveCfg = Release|x64
		{1BA4B7DE-AE9A-4A13-AEA4-71ECB463CF18}.Release|x64.Build.0 = Release|x64
		{21B818BF-E540-4622-B1DE-BA27708A7A09}.Debug|Any CPU.ActiveCfg = Debug|Any CPU
		{21B818BF-E540-4622-B1DE-BA27708A7A09}.Debug|Any CPU.Build.0 = Debug|Any CPU
		{21B818BF-E540-4622-B1DE-BA27708A7A09}.Debug|x64.ActiveCfg = Debug|x64
		{21B818BF-E540-4622-B1DE-BA27708A7A09}.Debug|x64.Build.0 = Debug|x64
		{21B818BF-E540-4622-B1DE-BA27708A7A09}.Release|Any CPU.ActiveCfg = Release|Any CPU
		{21B818BF-E540-4622-B1DE-BA27708A7A09}.Release|Any CPU.Build.0 = Release|Any CPU
		{21B818BF-E540-4622-B1DE-BA27708A7A09}.Release|x64.ActiveCfg = Release|x64
		{21B818BF-E540-4622-B1DE-BA27708A7A09}.Release|x64.Build.0 = Release|x64
		{99E5A185-93AF-4231-A81A-CD969B51D7E2}.Debug|Any CPU.ActiveCfg = Debug|Any CPU
		{99E5A185-93AF-4231-A81A-CD969B51D7E2}.Debug|Any CPU.Build.0 = Debug|Any CPU
		{99E5A185-93AF-4231-A81A-CD969B51D7E2}.Debug|x64.ActiveCfg = Debug|x64
		{99E5A185-93AF-4231-A81A-CD969B51D7E2}.Debug|x64.Build.0 = Debug|x64
		{99E5A185-93AF-4231-A81A-CD969B51D7E2}.Release|Any CPU.ActiveCfg = Release|Any CPU
		{99E5A185-93AF-4231-A81A-CD969B51D7E2}.Release|Any CPU.Build.0 = Release|Any CPU
		{99E5A185-93AF-4231-A81A-CD969B51D7E2}.Release|x64.ActiveCfg = Release|x64
		{99E5A185-93AF-4231-A81A-CD969B51D7E2}.Release|x64.Build.0 = Release|x64
	EndGlobalSection
	GlobalSection(SolutionProperties) = preSolution
		HideSolutionNode = FALSE
	EndGlobalSection
	GlobalSection(ExtensibilityGlobals) = postSolution
		SolutionGuid = {19346665-DEA7-494D-8ABF-09648F13A53C}
	EndGlobalSection
EndGlobal
